{
  "name": "res-compress",
  "version": "0.0.1",
  "lockfileVersion": 1,
  "requires": true,
  "dependencies": {
    "is-jpg": {
      "version": "2.0.0",
      "resolved": "https://registry.npmjs.org/is-jpg/-/is-jpg-2.0.0.tgz",
      "integrity": "sha1-LhmX+m6RZuqsAkLarkQ0A+TvHZc="
    },
    "is-png": {
      "version": "2.0.0",
      "resolved": "https://registry.npmjs.org/is-png/-/is-png-2.0.0.tgz",
      "integrity": "sha512-4KPGizaVGj2LK7xwJIz8o5B2ubu1D/vcQsgOGFEDlpcvgZHto4gBnyd0ig7Ws+67ixmwKoNmu0hYnpo6AaKb5g=="
    }
  }
}
